
Microsoft Visual Studio Solution File, Format Version 12.00
# Visual Studio Version 17
VisualStudioVersion = 17.4.33205.214
MinimumVisualStudioVersion = 10.0.40219.1
Project("{9A19103F-16F7-4668-BE54-9A1E7A4F7556}") = "EntityLayer", "YSKProje.UdemyCvApp.Entities\EntityLayer.csproj", "{03CF1E14-4076-4F0B-801D-2394137F160C}"
EndProject
Project("{9A19103F-16F7-4668-BE54-9A1E7A4F7556}") = "DataAccessLayer", "YSKProje.UdemyCvApp.DataAccess\DataAccessLayer.csproj", "{FCCFE641-08AB-44E7-8D3A-2BD5D1BEDF82}"
EndProject
Project("{9A19103F-16F7-4668-BE54-9A1E7A4F7556}") = "DTO", "YSKProje.UdemyCvApp.DTO\DTO.csproj", "{E74DFA1A-9441-4980-A17A-C50A2F34038D}"
EndProject
Project("{9A19103F-16F7-4668-BE54-9A1E7A4F7556}") = "BusinessLayer", "YSKProje.UdemyCvApp.Business\BusinessLayer.csproj", "{F866044D-C72A-4EB9-8356-C70A117811A5}"
EndProject
Project("{9A19103F-16F7-4668-BE54-9A1E7A4F7556}") = "UILayer", "YSKProje.UdemyCvApp.Web\UILayer.csproj", "{D69D7601-3FCB-4080-A88A-7CC5051BEFE7}"
EndProject
Global
	GlobalSection(SolutionConfigurationPlatforms) = preSolution
		Debug|Any CPU = Debug|Any CPU
		Release|Any CPU = Release|Any CPU
	EndGlobalSection
	GlobalSection(ProjectConfigurationPlatforms) = postSolution
		{03CF1E14-4076-4F0B-801D-2394137F160C}.Debug|Any CPU.ActiveCfg = Debug|Any CPU
		{03CF1E14-4076-4F0B-801D-2394137F160C}.Debug|Any CPU.Build.0 = Debug|Any CPU
		{03CF1E14-4076-4F0B-801D-2394137F160C}.Release|Any CPU.ActiveCfg = Release|Any CPU
		{03CF1E14-4076-4F0B-801D-2394137F160C}.Release|Any CPU.Build.0 = Release|Any CPU
		{FCCFE641-08AB-44E7-8D3A-2BD5D1BEDF82}.Debug|Any CPU.ActiveCfg = Debug|Any CPU
		{FCCFE641-08AB-44E7-8D3A-2BD5D1BEDF82}.Debug|Any CPU.Build.0 = Debug|Any CPU
		{FCCFE641-08AB-44E7-8D3A-2BD5D1BEDF82}.Release|Any CPU.ActiveCfg = Release|Any CPU
		{FCCFE641-08AB-44E7-8D3A-2BD5D1BEDF82}.Release|Any CPU.Build.0 = Release|Any CPU
		{E74DFA1A-9441-4980-A17A-C50A2F34038D}.Debug|Any CPU.ActiveCfg = Debug|Any CPU
		{E74DFA1A-9441-4980-A17A-C50A2F34038D}.Debug|Any CPU.Build.0 = Debug|Any CPU
		{E74DFA1A-9441-4980-A17A-C50A2F34038D}.Release|Any CPU.ActiveCfg = Release|Any CPU
		{E74DFA1A-9441-4980-A17A-C50A2F34038D}.Release|Any CPU.Build.0 = Release|Any CPU
		{F866044D-C72A-4EB9-8356-C70A117811A5}.Debug|Any CPU.ActiveCfg = Debug|Any CPU
		{F866044D-C72A-4EB9-8356-C70A117811A5}.Debug|Any CPU.Build.0 = Debug|Any CPU
		{F866044D-C72A-4EB9-8356-C70A117811A5}.Release|Any CPU.ActiveCfg = Release|Any CPU
		{F866044D-C72A-4EB9-8356-C70A117811A5}.Release|Any CPU.Build.0 = Release|Any CPU
		{D69D7601-3FCB-4080-A88A-7CC5051BEFE7}.Debug|Any CPU.ActiveCfg = Debug|Any CPU
		{D69D7601-3FCB-4080-A88A-7CC5051BEFE7}.Debug|Any CPU.Build.0 = Debug|Any CPU
		{D69D7601-3FCB-4080-A88A-7CC5051BEFE7}.Release|Any CPU.ActiveCfg = Release|Any CPU
		{D69D7601-3FCB-4080-A88A-7CC5051BEFE7}.Release|Any CPU.Build.0 = Release|Any CPU
	EndGlobalSection
	GlobalSection(SolutionProperties) = preSolution
		HideSolutionNode = FALSE
	EndGlobalSection
	GlobalSection(ExtensibilityGlobals) = postSolution
		SolutionGuid = {BD7442E5-773F-4665-830B-404BE0AC42D5}
	EndGlobalSection
EndGlobal
